
Microsoft Visual Studio Solution File, Format Version 12.00
# Visual Studio Version 17
VisualStudioVersion = 17.5.33414.496
MinimumVisualStudioVersion = 10.0.40219.1
Project("{FAE04EC0-301F-11D3-BF4B-00C04F79EFBC}") = "DiabetesNaiveBayes", "DiabetesNaiveBayes\DiabetesNaiveBayes.csproj", "{72569396-4E3C-4750-B9CF-DDD9BF17DF5E}"
EndProject
Global
	GlobalSection(SolutionConfigurationPlatforms) = preSolution
		Debug|Any CPU = Debug|Any CPU
		Release|Any CPU = Release|Any CPU
	EndGlobalSection
	GlobalSection(ProjectConfigurationPlatforms) = postSolution
		{72569396-4E3C-4750-B9CF-DDD9BF17DF5E}.Debug|Any CPU.ActiveCfg = Debug|Any CPU
		{72569396-4E3C-4750-B9CF-DDD9BF17DF5E}.Debug|Any CPU.Build.0 = Debug|Any CPU
		{72569396-4E3C-4750-B9CF-DDD9BF17DF5E}.Release|Any CPU.ActiveCfg = Release|Any CPU
		{72569396-4E3C-4750-B9CF-DDD9BF17DF5E}.Release|Any CPU.Build.0 = Release|Any CPU
	EndGlobalSection
	GlobalSection(SolutionProperties) = preSolution
		HideSolutionNode = FALSE
	EndGlobalSection
	GlobalSection(ExtensibilityGlobals) = postSolution
		SolutionGuid = {892BD9CF-FAF4-47FE-9A37-0AACB2FE60A4}
	EndGlobalSection
EndGlobal
